<?xml version="1.0" encoding="utf-8"?>
<Project ToolsVersion="4.0" xmlns="http://schemas.microsoft.com/developer/msbuild/2003">
  <ItemGroup>
    <Filter Include="Source Files">
      <UniqueIdentifier>{4FC737F1-C7A5-4376-A066-2A32D752A2FF}</UniqueIdentifier>
      <Extensions>cpp;c;cc;cxx;def;odl;idl;hpj;bat;asm;asmx</Extensions>
    </Filter>
    <Filter Include="Header Files">
      <UniqueIdentifier>{93995380-89BD-4b04-88EB-625FBE52EBFB}</UniqueIdentifier>
      <Extensions>h;hh;hpp;hxx;hm;inl;inc;xsd</Extensions>
    </Filter>
    <Filter Include="Resource Files">
      <UniqueIdentifier>{67DA6AB6-F800-4c08-8B7A-83BB121AAD01}</UniqueIdentifier>
      <Extensions>rc;ico;cur;bmp;dlg;rc2;rct;bin;rgs;gif;jpg;jpeg;jpe;resx;tiff;tif;png;wav;mfcribbon-ms</Extensions>
    </Filter>
    <Filter Include="GameEngine">
      <UniqueIdentifier>{c8341306-0ea4-4801-ab76-dbcb9419e14f}</UniqueIdentifier>
    </Filter>
    <Filter Include="GameEngine\Game">
      <UniqueIdentifier>{c7ac93d2-0665-45bd-ba49-2d99d967583c}</UniqueIdentifier>
    </Filter>
    <Filter Include="GameEngine\DirectX component">
      <UniqueIdentifier>{1d4e0147-cef7-4a0f-be9e-fea677216f19}</UniqueIdentifier>
    </Filter>
    <Filter Include="GameEngine\DirectX component\Graphics">
      <UniqueIdentifier>{0098429e-fd8f-4214-969b-55ea8c3781d5}</UniqueIdentifier>
    </Filter>
    <Filter Include="GameEngine\DirectX component\Input">
      <UniqueIdentifier>{c20a243e-eb5b-4b63-b094-cfe839cf82e0}</UniqueIdentifier>
    </Filter>
    <Filter Include="GameEngine\DirectX component\Graphics\Image">
      <UniqueIdentifier>{41bd298f-4fa7-46ab-89b1-ba6e096d3c75}</UniqueIdentifier>
    </Filter>
    <Filter Include="GameEngine\DirectX component\Graphics\TextureManager">
      <UniqueIdentifier>{d3b1915b-cf4b-48e0-bb6a-7d927d510c42}</UniqueIdentifier>
    </Filter>
    <Filter Include="GameEngine\GameObject">
      <UniqueIdentifier>{f54d02d8-b4f4-4771-ad47-b046edc9ea21}</UniqueIdentifier>
    </Filter>
    <Filter Include="GameEngine\GameObject\Component">
      <UniqueIdentifier>{f9c61c93-209e-4e03-b682-e20be44f122f}</UniqueIdentifier>
    </Filter>
    <Filter Include="GameEngine\GameObject\Component\InputComponent">
      <UniqueIdentifier>{29e61266-5b74-45cf-a725-9d1e0ac7d258}</UniqueIdentifier>
    </Filter>
  </ItemGroup>
  <ItemGroup>
    <ClCompile Include="winmain.cpp">
      <Filter>Source Files</Filter>
    </ClCompile>
    <ClCompile Include="megaman.cpp">
      <Filter>Source Files</Filter>
    </ClCompile>
    <ClCompile Include="Game Engine\game.cpp">
      <Filter>GameEngine\Game</Filter>
    </ClCompile>
    <ClCompile Include="Game Engine\input.cpp">
      <Filter>GameEngine\DirectX component\Input</Filter>
    </ClCompile>
    <ClCompile Include="Game Engine\graphics.cpp">
      <Filter>GameEngine\DirectX component\Graphics</Filter>
    </ClCompile>
    <ClCompile Include="Game Engine\image.cpp">
      <Filter>GameEngine\DirectX component\Graphics\Image</Filter>
    </ClCompile>
    <ClCompile Include="Game Engine\textureManager.cpp">
      <Filter>GameEngine\DirectX component\Graphics\TextureManager</Filter>
    </ClCompile>
    <ClCompile Include="Game Engine\GameObject.cpp">
      <Filter>GameEngine\GameObject</Filter>
    </ClCompile>
    <ClCompile Include="Game Engine\InputComponent.cpp">
      <Filter>GameEngine\GameObject\Component\InputComponent</Filter>
    </ClCompile>
    <ClCompile Include="Game Engine\UserInputComponent.cpp">
      <Filter>GameEngine\GameObject\Component\InputComponent</Filter>
    </ClCompile>
  </ItemGroup>
  <ItemGroup>
    <ClInclude Include="megaman.h">
      <Filter>Header Files</Filter>
    </ClInclude>
    <ClInclude Include="Game Engine\constants.h">
      <Filter>GameEngine</Filter>
    </ClInclude>
    <ClInclude Include="Game Engine\gameError.h">
      <Filter>GameEngine</Filter>
    </ClInclude>
    <ClInclude Include="Game Engine\game.h">
      <Filter>GameEngine\Game</Filter>
    </ClInclude>
    <ClInclude Include="Game Engine\input.h">
      <Filter>GameEngine\DirectX component\Input</Filter>
    </ClInclude>
    <ClInclude Include="Game Engine\graphics.h">
      <Filter>GameEngine\DirectX component\Graphics</Filter>
    </ClInclude>
    <ClInclude Include="Game Engine\image.h">
      <Filter>GameEngine\DirectX component\Graphics\Image</Filter>
    </ClInclude>
    <ClInclude Include="Game Engine\textureManager.h">
      <Filter>GameEngine\DirectX component\Graphics\TextureManager</Filter>
    </ClInclude>
    <ClInclude Include="Game Engine\GameObject.h">
      <Filter>GameEngine\GameObject</Filter>
    </ClInclude>
    <ClInclude Include="Game Engine\InputComponent.h">
      <Filter>GameEngine\GameObject\Component\InputComponent</Filter>
    </ClInclude>
    <ClInclude Include="Game Engine\UserInputComponent.h">
      <Filter>GameEngine\GameObject\Component\InputComponent</Filter>
    </ClInclude>
  </ItemGroup>
</Project>